
Microsoft Visual Studio Solution File, Format Version 12.00
# Visual Studio Version 17
VisualStudioVersion = 17.0.32112.339
MinimumVisualStudioVersion = 10.0.40219.1
Project("{8BC9CEB8-8B4A-11D0-8D11-00A0C91BC942}") = "ezUI", "ezUI\ezUI.vcxproj", "{D7BB5B27-50C9-4E4A-8E8E-1A96C6504C5D}"
EndProject
Project("{8BC9CEB8-8B4A-11D0-8D11-00A0C91BC942}") = "SandBox", "SandBox\SandBox.vcxproj", "{E7704AA6-374C-4F16-9857-C74975D65AD6}"
	ProjectSection(ProjectDependencies) = postProject
		{D7BB5B27-50C9-4E4A-8E8E-1A96C6504C5D} = {D7BB5B27-50C9-4E4A-8E8E-1A96C6504C5D}
	EndProjectSection
EndProject
Project("{8BC9CEB8-8B4A-11D0-8D11-00A0C91BC942}") = "UnitTests", "UnitTests\UnitTests.vcxproj", "{479A197D-686A-4DAD-B042-92CBFA49F6A7}"
EndProject
Global
	GlobalSection(SolutionConfigurationPlatforms) = preSolution
		Debug|x64 = Debug|x64
		Release|x64 = Release|x64
	EndGlobalSection
	GlobalSection(ProjectConfigurationPlatforms) = postSolution
		{D7BB5B27-50C9-4E4A-8E8E-1A96C6504C5D}.Debug|x64.ActiveCfg = Debug|x64
		{D7BB5B27-50C9-4E4A-8E8E-1A96C6504C5D}.Debug|x64.Build.0 = Debug|x64
		{D7BB5B27-50C9-4E4A-8E8E-1A96C6504C5D}.Release|x64.ActiveCfg = Release|x64
		{D7BB5B27-50C9-4E4A-8E8E-1A96C6504C5D}.Release|x64.Build.0 = Release|x64
		{E7704AA6-374C-4F16-9857-C74975D65AD6}.Debug|x64.ActiveCfg = Debug|x64
		{E7704AA6-374C-4F16-9857-C74975D65AD6}.Debug|x64.Build.0 = Debug|x64
		{E7704AA6-374C-4F16-9857-C74975D65AD6}.Release|x64.ActiveCfg = Release|x64
		{E7704AA6-374C-4F16-9857-C74975D65AD6}.Release|x64.Build.0 = Release|x64
		{479A197D-686A-4DAD-B042-92CBFA49F6A7}.Debug|x64.ActiveCfg = Debug|x64
		{479A197D-686A-4DAD-B042-92CBFA49F6A7}.Debug|x64.Build.0 = Debug|x64
		{479A197D-686A-4DAD-B042-92CBFA49F6A7}.Release|x64.ActiveCfg = Release|x64
		{479A197D-686A-4DAD-B042-92CBFA49F6A7}.Release|x64.Build.0 = Release|x64
	EndGlobalSection
	GlobalSection(SolutionProperties) = preSolution
		HideSolutionNode = FALSE
	EndGlobalSection
	GlobalSection(ExtensibilityGlobals) = postSolution
		SolutionGuid = {ABB68714-C54C-4B0B-A4DD-119F2A189C15}
	EndGlobalSection
EndGlobal
